
Microsoft Visual Studio Solution File, Format Version 12.00
# Visual Studio Version 17
VisualStudioVersion = 17.1.32414.318
MinimumVisualStudioVersion = 10.0.40219.1
Project("{9A19103F-16F7-4668-BE54-9A1E7A4F7556}") = "Ceres", "Ceres\Ceres.csproj", "{AA77C0CD-4308-4543-8C0D-C8E21DF8D6FA}"
EndProject
Project("{FAE04EC0-301F-11D3-BF4B-00C04F79EFBC}") = "FrontsEditor", "FrontsEditor\FrontsEditor.csproj", "{B5D62684-6116-43B6-AFB7-3605463B32A7}"
EndProject
Global
	GlobalSection(SolutionConfigurationPlatforms) = preSolution
		Debug|Any CPU = Debug|Any CPU
		Release|Any CPU = Release|Any CPU
	EndGlobalSection
	GlobalSection(ProjectConfigurationPlatforms) = postSolution
		{AA77C0CD-4308-4543-8C0D-C8E21DF8D6FA}.Debug|Any CPU.ActiveCfg = Debug|Any CPU
		{AA77C0CD-4308-4543-8C0D-C8E21DF8D6FA}.Debug|Any CPU.Build.0 = Debug|Any CPU
		{AA77C0CD-4308-4543-8C0D-C8E21DF8D6FA}.Release|Any CPU.ActiveCfg = Release|Any CPU
		{AA77C0CD-4308-4543-8C0D-C8E21DF8D6FA}.Release|Any CPU.Build.0 = Release|Any CPU
		{B5D62684-6116-43B6-AFB7-3605463B32A7}.Debug|Any CPU.ActiveCfg = Debug|Any CPU
		{B5D62684-6116-43B6-AFB7-3605463B32A7}.Debug|Any CPU.Build.0 = Debug|Any CPU
		{B5D62684-6116-43B6-AFB7-3605463B32A7}.Release|Any CPU.ActiveCfg = Release|Any CPU
		{B5D62684-6116-43B6-AFB7-3605463B32A7}.Release|Any CPU.Build.0 = Release|Any CPU
	EndGlobalSection
	GlobalSection(SolutionProperties) = preSolution
		HideSolutionNode = FALSE
	EndGlobalSection
	GlobalSection(ExtensibilityGlobals) = postSolution
		SolutionGuid = {6E36A20C-F7CF-4520-99E7-022AD932E9B9}
	EndGlobalSection
EndGlobal
